
Microsoft Visual Studio Solution File, Format Version 12.00
# Visual Studio Version 17
VisualStudioVersion = 17.0.31903.59
MinimumVisualStudioVersion = 10.0.40219.1
Project("{FAE04EC0-301F-11D3-BF4B-00C04F79EFBC}") = "WebApp_FIA35_WetterApi", "WebApp_FIA35_WetterApi\WebApp_FIA35_WetterApi.csproj", "{2C1994B4-F4AD-4838-B097-179099B19E52}"
EndProject
Global
	GlobalSection(SolutionConfigurationPlatforms) = preSolution
		Debug|Any CPU = Debug|Any CPU
		Release|Any CPU = Release|Any CPU
	EndGlobalSection
	GlobalSection(ProjectConfigurationPlatforms) = postSolution
		{2C1994B4-F4AD-4838-B097-179099B19E52}.Debug|Any CPU.ActiveCfg = Debug|Any CPU
		{2C1994B4-F4AD-4838-B097-179099B19E52}.Debug|Any CPU.Build.0 = Debug|Any CPU
		{2C1994B4-F4AD-4838-B097-179099B19E52}.Release|Any CPU.ActiveCfg = Release|Any CPU
		{2C1994B4-F4AD-4838-B097-179099B19E52}.Release|Any CPU.Build.0 = Release|Any CPU
	EndGlobalSection
	GlobalSection(SolutionProperties) = preSolution
		HideSolutionNode = FALSE
	EndGlobalSection
	GlobalSection(ExtensibilityGlobals) = postSolution
		SolutionGuid = {055121FE-6507-4EF3-9F9E-5C07A077346E}
	EndGlobalSection
EndGlobal
